
Microsoft Visual Studio Solution File, Format Version 12.00
# Visual Studio Version 16
VisualStudioVersion = 16.0.30717.126
MinimumVisualStudioVersion = 10.0.40219.1
Project("{9A19103F-16F7-4668-BE54-9A1E7A4F7556}") = "ConsoleApp", "ConsoleApp\ConsoleApp.csproj", "{01861A9A-92E9-469F-9F47-7F142BC310AF}"
EndProject
Project("{FAE04EC0-301F-11D3-BF4B-00C04F79EFBC}") = "UnitTestProject", "UnitTestProject\UnitTestProject.csproj", "{D91D771D-A2DF-49EC-8A5D-45E29F73AE46}"
EndProject
Global
	GlobalSection(SolutionConfigurationPlatforms) = preSolution
		Debug|Any CPU = Debug|Any CPU
		Release|Any CPU = Release|Any CPU
	EndGlobalSection
	GlobalSection(ProjectConfigurationPlatforms) = postSolution
		{01861A9A-92E9-469F-9F47-7F142BC310AF}.Debug|Any CPU.ActiveCfg = Debug|Any CPU
		{01861A9A-92E9-469F-9F47-7F142BC310AF}.Debug|Any CPU.Build.0 = Debug|Any CPU
		{01861A9A-92E9-469F-9F47-7F142BC310AF}.Release|Any CPU.ActiveCfg = Release|Any CPU
		{01861A9A-92E9-469F-9F47-7F142BC310AF}.Release|Any CPU.Build.0 = Release|Any CPU
		{D91D771D-A2DF-49EC-8A5D-45E29F73AE46}.Debug|Any CPU.ActiveCfg = Debug|Any CPU
		{D91D771D-A2DF-49EC-8A5D-45E29F73AE46}.Debug|Any CPU.Build.0 = Debug|Any CPU
		{D91D771D-A2DF-49EC-8A5D-45E29F73AE46}.Release|Any CPU.ActiveCfg = Release|Any CPU
		{D91D771D-A2DF-49EC-8A5D-45E29F73AE46}.Release|Any CPU.Build.0 = Release|Any CPU
	EndGlobalSection
	GlobalSection(SolutionProperties) = preSolution
		HideSolutionNode = FALSE
	EndGlobalSection
	GlobalSection(ExtensibilityGlobals) = postSolution
		SolutionGuid = {960DC3C9-007F-40EC-928C-42377DCABFE4}
	EndGlobalSection
EndGlobal
